{
  "originHash" : "35094d066467ddce910f1aca4ec060cbf48dd2133e5292614d1e6ac0b5d41321",
  "pins" : [
    {
      "identity" : "displaylink",
      "kind" : "remoteSourceControl",
      "location" : "https://github.com/Lakr233/DisplayLink.git",
      "state" : {
        "revision" : "41bea2661e04bebcb1c4f15fc0b6197850100fdd",
        "version" : "3.0.1"
      }
    },
    {
      "identity" : "dog",
      "kind" : "remoteSourceControl",
      "location" : "https://github.com/Lakr233/Dog",
      "state" : {
        "revision" : "68e7bce39115914dcb280c702843c1da8d72e24d",
        "version" : "0.1.2"
      }
    },
    {
      "identity" : "libghostty-spm",
      "kind" : "remoteSourceControl",
      "location" : "https://github.com/Lakr233/libghostty-spm",
      "state" : {
        "revision" : "46a3e8f31efca1007198c7d5f43afa35026aaffb",
        "version" : "2.2.2026101003"
      }
    },
    {
      "identity" : "spindicator",
      "kind" : "remoteSourceControl",
      "location" : "https://github.com/ivanvorobei/SPIndicator",
      "state" : {
        "revision" : "e8a045f91757b32bb29c6feff1644ef79c8daedf",
        "version" : "1.6.5"
      }
    }
  ],
  "version" : 3
}
