{
  "originHash" : "35094d066467ddce910f1aca4ec060cbf48dd2133e5292614d1e6ac0b5d41321",
  "pins" : [
    {
      "identity" : "dog",
      "kind" : "remoteSourceControl",
      "location" : "https://github.com/Lakr233/Dog",
      "state" : {
        "revision" : "3697b6b0e3df29f85e1194a49f67144a0dcd7ec9",
        "version" : "0.1.1"
      }
    },
    {
      "identity" : "libghostty-spm",
      "kind" : "remoteSourceControl",
      "location" : "https://github.com/Lakr233/libghostty-spm",
      "state" : {
        "revision" : "b7f888e3baf8585ea9d590ab1a45b49475e00d1c",
        "version" : "1.6.20260922"
      }
    },
    {
      "identity" : "msdisplaylink",
      "kind" : "remoteSourceControl",
      "location" : "https://github.com/Lakr233/MSDisplayLink.git",
      "state" : {
        "revision" : "87eb0af130744c8cbe2e31b6e1a5bcd659f1c220",
        "version" : "2.2.0"
      }
    },
    {
      "identity" : "spindicator",
      "kind" : "remoteSourceControl",
      "location" : "https://github.com/ivanvorobei/SPIndicator",
      "state" : {
        "revision" : "e8a045f91757b32bb29c6feff1644ef79c8daedf",
        "version" : "1.6.5"
      }
    }
  ],
  "version" : 3
}
